
Microsoft Visual Studio Solution File, Format Version 12.00
# Visual Studio Version 17
VisualStudioVersion = 17.5.33530.505
MinimumVisualStudioVersion = 10.0.40219.1
Project("{8BC9CEB8-8B4A-11D0-8D11-00A0C91BC942}") = "project_1_Siv", "project_1_Siv.vcxproj", "{8FCF06C9-84B5-4F13-A495-39AC18CF7A11}"
EndProject
Global
	GlobalSection(SolutionConfigurationPlatforms) = preSolution
		Debug|x64 = Debug|x64
		Release|x64 = Release|x64
	EndGlobalSection
	GlobalSection(ProjectConfigurationPlatforms) = postSolution
		{8FCF06C9-84B5-4F13-A495-39AC18CF7A11}.Debug|x64.ActiveCfg = Debug|x64
		{8FCF06C9-84B5-4F13-A495-39AC18CF7A11}.Debug|x64.Build.0 = Debug|x64
		{8FCF06C9-84B5-4F13-A495-39AC18CF7A11}.Release|x64.ActiveCfg = Release|x64
		{8FCF06C9-84B5-4F13-A495-39AC18CF7A11}.Release|x64.Build.0 = Release|x64
	EndGlobalSection
	GlobalSection(SolutionProperties) = preSolution
		HideSolutionNode = FALSE
	EndGlobalSection
	GlobalSection(ExtensibilityGlobals) = postSolution
		SolutionGuid = {752C5264-DEB8-46CC-A4E4-6655E498ABB1}
	EndGlobalSection
EndGlobal
